
Microsoft Visual Studio Solution File, Format Version 12.00
# Visual Studio Version 17
VisualStudioVersion = 17.14.36717.8 d17.14
MinimumVisualStudioVersion = 10.0.40219.1
Project("{FAE04EC0-301F-11D3-BF4B-00C04F79EFBC}") = "MoodJournal", "MoodJournal\MoodJournal.csproj", "{0B1C5548-B506-4E96-A5D2-9CF34930ABBA}"
EndProject
Global
	GlobalSection(SolutionConfigurationPlatforms) = preSolution
		Debug|Any CPU = Debug|Any CPU
		Release|Any CPU = Release|Any CPU
	EndGlobalSection
	GlobalSection(ProjectConfigurationPlatforms) = postSolution
		{0B1C5548-B506-4E96-A5D2-9CF34930ABBA}.Debug|Any CPU.ActiveCfg = Debug|Any CPU
		{0B1C5548-B506-4E96-A5D2-9CF34930ABBA}.Debug|Any CPU.Build.0 = Debug|Any CPU
		{0B1C5548-B506-4E96-A5D2-9CF34930ABBA}.Release|Any CPU.ActiveCfg = Release|Any CPU
		{0B1C5548-B506-4E96-A5D2-9CF34930ABBA}.Release|Any CPU.Build.0 = Release|Any CPU
	EndGlobalSection
	GlobalSection(SolutionProperties) = preSolution
		HideSolutionNode = FALSE
	EndGlobalSection
	GlobalSection(ExtensibilityGlobals) = postSolution
		SolutionGuid = {D6A29247-8169-4840-BEF6-E8D678CA3CD7}
	EndGlobalSection
EndGlobal
